
Microsoft Visual Studio Solution File, Format Version 12.00
# Visual Studio Version 17
VisualStudioVersion = 17.1.32421.90
MinimumVisualStudioVersion = 10.0.40219.1
Project("{FAE04EC0-301F-11D3-BF4B-00C04F79EFBC}") = "EmployeeAndOrgainizations", "EmployeeAndOrgainizations.csproj", "{AEBE3430-48A6-4C3D-B088-9F1FC820174E}"
EndProject
Global
	GlobalSection(SolutionConfigurationPlatforms) = preSolution
		Debug|Any CPU = Debug|Any CPU
		Release|Any CPU = Release|Any CPU
	EndGlobalSection
	GlobalSection(ProjectConfigurationPlatforms) = postSolution
		{AEBE3430-48A6-4C3D-B088-9F1FC820174E}.Debug|Any CPU.ActiveCfg = Debug|Any CPU
		{AEBE3430-48A6-4C3D-B088-9F1FC820174E}.Debug|Any CPU.Build.0 = Debug|Any CPU
		{AEBE3430-48A6-4C3D-B088-9F1FC820174E}.Release|Any CPU.ActiveCfg = Release|Any CPU
		{AEBE3430-48A6-4C3D-B088-9F1FC820174E}.Release|Any CPU.Build.0 = Release|Any CPU
	EndGlobalSection
	GlobalSection(SolutionProperties) = preSolution
		HideSolutionNode = FALSE
	EndGlobalSection
	GlobalSection(ExtensibilityGlobals) = postSolution
		SolutionGuid = {53356825-29D6-4B94-B11C-D9B4EE9C882D}
	EndGlobalSection
EndGlobal
